
Microsoft Visual Studio Solution File, Format Version 12.00
# Visual Studio Version 18
VisualStudioVersion = 18.7.11819.209 insiders
MinimumVisualStudioVersion = 10.0.40219.1
Project("{FAE04EC0-301F-11D3-BF4B-00C04F79EFBC}") = "VRCHOTAS", "VRCHOTAS\VRCHOTAS.csproj", "{4BB53C25-A83A-0084-8717-214EE2CD89E8}"
EndProject
Project("{FAE04EC0-301F-11D3-BF4B-00C04F79EFBC}") = "VRCHOTAS.Tests", "VRCHOTAS.Tests\VRCHOTAS.Tests.csproj", "{9DC56320-3F41-4D24-9D8C-F39F1F4A78C1}"
EndProject
Project("{FAE04EC0-301F-11D3-BF4B-00C04F79EFBC}") = "VRCHOTAS.OverlayHelper", "VRCHOTAS.OverlayHelper\VRCHOTAS.OverlayHelper.csproj", "{7488FEDC-0084-D48C-02AC-ACE7CE914CC6}"
EndProject
Global
	GlobalSection(SolutionConfigurationPlatforms) = preSolution
		Debug|Any CPU = Debug|Any CPU
		Debug|x64 = Debug|x64
		Debug|x86 = Debug|x86
		Release|Any CPU = Release|Any CPU
		Release|x64 = Release|x64
		Release|x86 = Release|x86
	EndGlobalSection
	GlobalSection(ProjectConfigurationPlatforms) = postSolution
		{4BB53C25-A83A-0084-8717-214EE2CD89E8}.Debug|Any CPU.ActiveCfg = Debug|Any CPU
		{4BB53C25-A83A-0084-8717-214EE2CD89E8}.Debug|Any CPU.Build.0 = Debug|Any CPU
		{4BB53C25-A83A-0084-8717-214EE2CD89E8}.Debug|x64.ActiveCfg = Debug|Any CPU
		{4BB53C25-A83A-0084-8717-214EE2CD89E8}.Debug|x64.Build.0 = Debug|Any CPU
		{4BB53C25-A83A-0084-8717-214EE2CD89E8}.Debug|x86.ActiveCfg = Debug|Any CPU
		{4BB53C25-A83A-0084-8717-214EE2CD89E8}.Debug|x86.Build.0 = Debug|Any CPU
		{4BB53C25-A83A-0084-8717-214EE2CD89E8}.Release|Any CPU.ActiveCfg = Release|Any CPU
		{4BB53C25-A83A-0084-8717-214EE2CD89E8}.Release|Any CPU.Build.0 = Release|Any CPU
		{4BB53C25-A83A-0084-8717-214EE2CD89E8}.Release|x64.ActiveCfg = Release|Any CPU
		{4BB53C25-A83A-0084-8717-214EE2CD89E8}.Release|x64.Build.0 = Release|Any CPU
		{4BB53C25-A83A-0084-8717-214EE2CD89E8}.Release|x86.ActiveCfg = Release|Any CPU
		{4BB53C25-A83A-0084-8717-214EE2CD89E8}.Release|x86.Build.0 = Release|Any CPU
		{9DC56320-3F41-4D24-9D8C-F39F1F4A78C1}.Debug|Any CPU.ActiveCfg = Debug|Any CPU
		{9DC56320-3F41-4D24-9D8C-F39F1F4A78C1}.Debug|Any CPU.Build.0 = Debug|Any CPU
		{9DC56320-3F41-4D24-9D8C-F39F1F4A78C1}.Debug|x64.ActiveCfg = Debug|Any CPU
		{9DC56320-3F41-4D24-9D8C-F39F1F4A78C1}.Debug|x64.Build.0 = Debug|Any CPU
		{9DC56320-3F41-4D24-9D8C-F39F1F4A78C1}.Debug|x86.ActiveCfg = Debug|Any CPU
		{9DC56320-3F41-4D24-9D8C-F39F1F4A78C1}.Debug|x86.Build.0 = Debug|Any CPU
		{9DC56320-3F41-4D24-9D8C-F39F1F4A78C1}.Release|Any CPU.ActiveCfg = Release|Any CPU
		{9DC56320-3F41-4D24-9D8C-F39F1F4A78C1}.Release|Any CPU.Build.0 = Release|Any CPU
		{9DC56320-3F41-4D24-9D8C-F39F1F4A78C1}.Release|x64.ActiveCfg = Release|Any CPU
		{9DC56320-3F41-4D24-9D8C-F39F1F4A78C1}.Release|x64.Build.0 = Release|Any CPU
		{9DC56320-3F41-4D24-9D8C-F39F1F4A78C1}.Release|x86.ActiveCfg = Release|Any CPU
		{9DC56320-3F41-4D24-9D8C-F39F1F4A78C1}.Release|x86.Build.0 = Release|Any CPU
		{7488FEDC-0084-D48C-02AC-ACE7CE914CC6}.Debug|Any CPU.ActiveCfg = Debug|Any CPU
		{7488FEDC-0084-D48C-02AC-ACE7CE914CC6}.Debug|Any CPU.Build.0 = Debug|Any CPU
		{7488FEDC-0084-D48C-02AC-ACE7CE914CC6}.Debug|x64.ActiveCfg = Debug|Any CPU
		{7488FEDC-0084-D48C-02AC-ACE7CE914CC6}.Debug|x64.Build.0 = Debug|Any CPU
		{7488FEDC-0084-D48C-02AC-ACE7CE914CC6}.Debug|x86.ActiveCfg = Debug|Any CPU
		{7488FEDC-0084-D48C-02AC-ACE7CE914CC6}.Debug|x86.Build.0 = Debug|Any CPU
		{7488FEDC-0084-D48C-02AC-ACE7CE914CC6}.Release|Any CPU.ActiveCfg = Release|Any CPU
		{7488FEDC-0084-D48C-02AC-ACE7CE914CC6}.Release|Any CPU.Build.0 = Release|Any CPU
		{7488FEDC-0084-D48C-02AC-ACE7CE914CC6}.Release|x64.ActiveCfg = Release|Any CPU
		{7488FEDC-0084-D48C-02AC-ACE7CE914CC6}.Release|x64.Build.0 = Release|Any CPU
		{7488FEDC-0084-D48C-02AC-ACE7CE914CC6}.Release|x86.ActiveCfg = Release|Any CPU
		{7488FEDC-0084-D48C-02AC-ACE7CE914CC6}.Release|x86.Build.0 = Release|Any CPU
	EndGlobalSection
	GlobalSection(SolutionProperties) = preSolution
		HideSolutionNode = FALSE
	EndGlobalSection
	GlobalSection(ExtensibilityGlobals) = postSolution
		SolutionGuid = {6B932D77-825D-4AB3-B9D7-30EEAF13B8F1}
	EndGlobalSection
EndGlobal
